
Microsoft Visual Studio Solution File, Format Version 12.00
# Visual Studio Version 16
VisualStudioVersion = 16.0.29613.14
MinimumVisualStudioVersion = 10.0.40219.1
Project("{868AAF80-E92A-4FA9-84F4-FDCA81ACF4DC}") = "ricaun.Revit.UI.StatusBar", "ricaun.Revit.UI.StatusBar\ricaun.Revit.UI.StatusBar.csproj", "{841E5210-49AA-415B-9B05-23B47C840BA1}"
EndProject
Project("{868AAF80-E92A-4FA9-84F4-FDCA81ACF4DC}") = "Build", "Build\Build.csproj", "{B537BC2B-6DDB-4B9F-BA7D-7FC455D8420A}"
EndProject
Project("{2150E333-8FDC-42A3-9474-1A3956D46DE8}") = "Solution", "Solution", "{448100AC-3705-41DE-9528-53B8B647E663}"
	ProjectSection(SolutionItems) = preProject
		CHANGELOG.md = CHANGELOG.md
		LICENSE = LICENSE
		README.md = README.md
	EndProjectSection
EndProject
Global
	GlobalSection(SolutionConfigurationPlatforms) = preSolution
	Debug|Any CPU = Debug|Any CPU
	Release|Any CPU = Release|Any CPU
	EndGlobalSection
	GlobalSection(ProjectConfigurationPlatforms) = postSolution
		{841E5210-49AA-415B-9B05-23B47C840BA1}.Debug|Any CPU.ActiveCfg = Debug|Any CPU
		{841E5210-49AA-415B-9B05-23B47C840BA1}.Debug|Any CPU.Build.0 = Debug|Any CPU
		{841E5210-49AA-415B-9B05-23B47C840BA1}.Release|Any CPU.ActiveCfg = Release|Any CPU
		{841E5210-49AA-415B-9B05-23B47C840BA1}.Release|Any CPU.Build.0 = Release|Any CPU
		{B537BC2B-6DDB-4B9F-BA7D-7FC455D8420A}.Debug|Any CPU.ActiveCfg = Debug|Any CPU
		{B537BC2B-6DDB-4B9F-BA7D-7FC455D8420A}.Release|Any CPU.ActiveCfg = Release|Any CPU
	EndGlobalSection
	GlobalSection(SolutionProperties) = preSolution
		HideSolutionNode = FALSE
	EndGlobalSection
EndGlobal
